
Microsoft Visual Studio Solution File, Format Version 12.00
# Visual Studio Version 17
VisualStudioVersion = 17.5.33502.453
MinimumVisualStudioVersion = 10.0.40219.1
Project("{FAE04EC0-301F-11D3-BF4B-00C04F79EFBC}") = "ServicioWebTienda", "ServicioWebTienda\ServicioWebTienda.csproj", "{6319C369-534F-4134-8A5D-C04E64A6D01A}"
EndProject
Project("{FAE04EC0-301F-11D3-BF4B-00C04F79EFBC}") = "MesaDePrueba", "MesaDePrueba\MesaDePrueba.csproj", "{C3FCB39B-5E32-4594-A48D-DD96D2BBD7EB}"
EndProject
Global
	GlobalSection(SolutionConfigurationPlatforms) = preSolution
		Debug|Any CPU = Debug|Any CPU
		Release|Any CPU = Release|Any CPU
	EndGlobalSection
	GlobalSection(ProjectConfigurationPlatforms) = postSolution
		{6319C369-534F-4134-8A5D-C04E64A6D01A}.Debug|Any CPU.ActiveCfg = Debug|Any CPU
		{6319C369-534F-4134-8A5D-C04E64A6D01A}.Debug|Any CPU.Build.0 = Debug|Any CPU
		{6319C369-534F-4134-8A5D-C04E64A6D01A}.Release|Any CPU.ActiveCfg = Release|Any CPU
		{6319C369-534F-4134-8A5D-C04E64A6D01A}.Release|Any CPU.Build.0 = Release|Any CPU
		{C3FCB39B-5E32-4594-A48D-DD96D2BBD7EB}.Debug|Any CPU.ActiveCfg = Debug|Any CPU
		{C3FCB39B-5E32-4594-A48D-DD96D2BBD7EB}.Debug|Any CPU.Build.0 = Debug|Any CPU
		{C3FCB39B-5E32-4594-A48D-DD96D2BBD7EB}.Release|Any CPU.ActiveCfg = Release|Any CPU
		{C3FCB39B-5E32-4594-A48D-DD96D2BBD7EB}.Release|Any CPU.Build.0 = Release|Any CPU
	EndGlobalSection
	GlobalSection(SolutionProperties) = preSolution
		HideSolutionNode = FALSE
	EndGlobalSection
	GlobalSection(ExtensibilityGlobals) = postSolution
		SolutionGuid = {D1C93E85-4137-4B2B-92ED-EBD31BDEDC58}
	EndGlobalSection
EndGlobal
